
Microsoft Visual Studio Solution File, Format Version 12.00
# Visual Studio Version 17
VisualStudioVersion = 17.7.34031.279
MinimumVisualStudioVersion = 10.0.40219.1
Project("{8BC9CEB8-8B4A-11D0-8D11-00A0C91BC942}") = "Dedok_DZ_22", "Dedok_DZ_22.vcxproj", "{DB084DE5-A310-4B35-8D1E-6D883F190929}"
EndProject
Global
	GlobalSection(SolutionConfigurationPlatforms) = preSolution
		Debug|x64 = Debug|x64
		Debug|x86 = Debug|x86
		Release|x64 = Release|x64
		Release|x86 = Release|x86
	EndGlobalSection
	GlobalSection(ProjectConfigurationPlatforms) = postSolution
		{DB084DE5-A310-4B35-8D1E-6D883F190929}.Debug|x64.ActiveCfg = Debug|x64
		{DB084DE5-A310-4B35-8D1E-6D883F190929}.Debug|x64.Build.0 = Debug|x64
		{DB084DE5-A310-4B35-8D1E-6D883F190929}.Debug|x86.ActiveCfg = Debug|Win32
		{DB084DE5-A310-4B35-8D1E-6D883F190929}.Debug|x86.Build.0 = Debug|Win32
		{DB084DE5-A310-4B35-8D1E-6D883F190929}.Release|x64.ActiveCfg = Release|x64
		{DB084DE5-A310-4B35-8D1E-6D883F190929}.Release|x64.Build.0 = Release|x64
		{DB084DE5-A310-4B35-8D1E-6D883F190929}.Release|x86.ActiveCfg = Release|Win32
		{DB084DE5-A310-4B35-8D1E-6D883F190929}.Release|x86.Build.0 = Release|Win32
	EndGlobalSection
	GlobalSection(SolutionProperties) = preSolution
		HideSolutionNode = FALSE
	EndGlobalSection
	GlobalSection(ExtensibilityGlobals) = postSolution
		SolutionGuid = {9FA5947C-DAE6-4C6F-AAE6-F5F89D6E0786}
	EndGlobalSection
EndGlobal
